<?xml version="1.0" encoding="utf-8"?>
<Project ToolsVersion="14.0" xmlns="http://schemas.microsoft.com/developer/msbuild/2003">
  <ItemGroup>
    <CustomBuild Include="C:\libfreenect2_alex\build\CMakeFiles\739cc693336e84ee18021ab65410c3e9\generate.stamp.rule">
      <Filter>CMake Rules</Filter>
    </CustomBuild>
  </ItemGroup>
  <ItemGroup>
    <Filter Include="CMake Rules">
      <UniqueIdentifier>{CE4CB84F-CC87-3DF6-9385-A825323F733A}</UniqueIdentifier>
    </Filter>
  </ItemGroup>
</Project>
